
Microsoft Visual Studio Solution File, Format Version 12.00
# Visual Studio Version 16
VisualStudioVersion = 16.0.29123.88
MinimumVisualStudioVersion = 10.0.40219.1
Project("{FAE04EC0-301F-11D3-BF4B-00C04F79EFBC}") = "Cwiczenia1", "Cwiczenia1\Cwiczenia1.csproj", "{DB316154-E550-4A00-A014-A3CFE1D1DB57}"
EndProject
Global
	GlobalSection(SolutionConfigurationPlatforms) = preSolution
		Debug|Any CPU = Debug|Any CPU
		Release|Any CPU = Release|Any CPU
	EndGlobalSection
	GlobalSection(ProjectConfigurationPlatforms) = postSolution
		{DB316154-E550-4A00-A014-A3CFE1D1DB57}.Debug|Any CPU.ActiveCfg = Debug|Any CPU
		{DB316154-E550-4A00-A014-A3CFE1D1DB57}.Debug|Any CPU.Build.0 = Debug|Any CPU
		{DB316154-E550-4A00-A014-A3CFE1D1DB57}.Release|Any CPU.ActiveCfg = Release|Any CPU
		{DB316154-E550-4A00-A014-A3CFE1D1DB57}.Release|Any CPU.Build.0 = Release|Any CPU
	EndGlobalSection
	GlobalSection(SolutionProperties) = preSolution
		HideSolutionNode = FALSE
	EndGlobalSection
	GlobalSection(ExtensibilityGlobals) = postSolution
		SolutionGuid = {39315146-2E87-46A8-941C-A7FBBBBC8647}
	EndGlobalSection
EndGlobal
